// !$*UTF8*$!
{
	archiveVersion = 1;
	classes = {
	};
	objectVersion = 46;
	objects = {

/* Begin PBXBuildFile section */
		F1DB783D1BB137C400C421C0 /* main.cpp in Sources */ = {isa = PBXBuildFile; fileRef = F1DB783C1BB137C400C421C0 /* main.cpp */; };
/* End PBXBuildFile section */

/* Begin PBXFileReference section */
		F1DB78391BB137C400C421C0 /* PongSfml */ = {isa = PBXFileReference; explicitFileType = "compiled.mach-o.executable"; includeInIndex = 0; path = PongSfml; sourceTree = BUILT_PRODUCTS_DIR; };
		F1DB783C1BB137C400C421C0 /* main.cpp */ = {isa = PBXFileReference; lastKnownFileType = sourcecode.cpp.cpp; path = main.cpp; sourceTree = "<group>"; };
		F1DB783F1BB137C400C421C0 /* cute_image.jpg */ = {isa = PBXFileReference; lastKnownFileType = image.jpeg; path = cute_image.jpg; sourceTree = "<group>"; };
		F1DB78401BB137C400C421C0 /* nice_music.ogg */ = {isa = PBXFileReference; lastKnownFileType = file; path = nice_music.ogg; sourceTree = "<group>"; };
		F1DB78411BB137C400C421C0 /* sansation.ttf */ = {isa = PBXFileReference; lastKnownFileType = file; path = sansation.ttf; sourceTree = "<group>"; };
		F1DB78421BB137C400C421C0 /* icon.png */ = {isa = PBXFileReference; lastKnownFileType = image.png; path = icon.png; sourceTree = "<group>"; };
/* End PBXFileReference section */

/* Begin PBXFrameworksBuildPhase section */
		F1DB78371BB137C300C421C0 /* Frameworks */ = {
			isa = PBXFrameworksBuildPhase;
			buildActionMask = 2147483647;
			files = (
			);
			runOnlyForDeploymentPostprocessing = 0;
		};
/* End PBXFrameworksBuildPhase section */

/* Begin PBXGroup section */
		F1DB78311BB137C300C421C0 = {
			isa = PBXGroup;
			children = (
				F1DB783B1BB137C400C421C0 /* PongSfml */,
				F1DB783A1BB137C400C421C0 /* Products */,
			);
			sourceTree = "<group>";
		};
		F1DB783A1BB137C400C421C0 /* Products */ = {
			isa = PBXGroup;
			children = (
				F1DB78391BB137C400C421C0 /* PongSfml */,
			);
			name = Products;
			sourceTree = "<group>";
		};
		F1DB783B1BB137C400C421C0 /* PongSfml */ = {
			isa = PBXGroup;
			children = (
				F1DB783C1BB137C400C421C0 /* main.cpp */,
				F1DB783E1BB137C400C421C0 /* Resources */,
			);
			path = PongSfml;
			sourceTree = "<group>";
		};
		F1DB783E1BB137C400C421C0 /* Resources */ = {
			isa = PBXGroup;
			children = (
				F1DB783F1BB137C400C421C0 /* cute_image.jpg */,
				F1DB78401BB137C400C421C0 /* nice_music.ogg */,
				F1DB78411BB137C400C421C0 /* sansation.ttf */,
				F1DB78421BB137C400C421C0 /* icon.png */,
			);
			name = Resources;
			sourceTree = "<group>";
		};
/* End PBXGroup section */

/* Begin PBXNativeTarget section */
		F1DB78381BB137C300C421C0 /* PongSfml */ = {
			isa = PBXNativeTarget;
			buildConfigurationList = F1DB78451BB137C400C421C0 /* Build configuration list for PBXNativeTarget "PongSfml" */;
			buildPhases = (
				F1DB78361BB137C300C421C0 /* Sources */,
				F1DB78371BB137C300C421C0 /* Frameworks */,
			);
			buildRules = (
			);
			dependencies = (
			);
			name = PongSfml;
			productName = PongSfml;
			productReference = F1DB78391BB137C400C421C0 /* PongSfml */;
			productType = "com.apple.product-type.tool";
		};
/* End PBXNativeTarget section */

/* Begin PBXProject section */
		F1DB78321BB137C300C421C0 /* Project object */ = {
			isa = PBXProject;
			attributes = {
				LastUpgradeCheck = 0700;
				ORGANIZATIONNAME = "Mukul Tamsekar";
				TargetAttributes = {
					F1DB78381BB137C300C421C0 = {
						CreatedOnToolsVersion = 7.0;
					};
				};
			};
			buildConfigurationList = F1DB78351BB137C300C421C0 /* Build configuration list for PBXProject "PongSfml" */;
			compatibilityVersion = "Xcode 3.2";
			developmentRegion = English;
			hasScannedForEncodings = 0;
			knownRegions = (
				en,
			);
			mainGroup = F1DB78311BB137C300C421C0;
			productRefGroup = F1DB783A1BB137C400C421C0 /* Products */;
			projectDirPath = "";
			projectRoot = "";
			targets = (
				F1DB78381BB137C300C421C0 /* PongSfml */,
			);
		};
/* End PBXProject section */

/* Begin PBXSourcesBuildPhase section */
		F1DB78361BB137C300C421C0 /* Sources */ = {
			isa = PBXSourcesBuildPhase;
			buildActionMask = 2147483647;
			files = (
				F1DB783D1BB137C400C421C0 /* main.cpp in Sources */,
			);
			runOnlyForDeploymentPostprocessing = 0;
		};
/* End PBXSourcesBuildPhase section */

/* Begin XCBuildConfiguration section */
		F1DB78431BB137C400C421C0 /* Debug */ = {
			isa = XCBuildConfiguration;
			buildSettings = {
				ARCHS = (
					i386,
					x86_64,
				);
				CLANG_CXX_LANGUAGE_STANDARD = "c++0x";
				CLANG_CXX_LIBRARY = "libc++";
				FRAMEWORK_SEARCH_PATHS = (
					/Library/Frameworks/,
					"$(inherited)",
				);
				GCC_VERSION = com.apple.compilers.llvm.clang.1_0;
				HEADER_SEARCH_PATHS = (
					/usr/local/include/,
					"$(inherited)",
				);
				LIBRARY_SEARCH_PATHS = (
					/usr/local/lib/,
					"$(inherited)",
				);
				MACOSX_DEPLOYMENT_TARGET = 10.7;
				OTHER_LDFLAGS = (
					"$(inherited)",
					"$(SFML_SYSTEM)",
					"$(SFML_WINDOW)",
					"$(SFML_GRAPHICS)",
					"$(SFML_AUDIO)",
					"$(SFML_NETWORK)",
				);
				SFML_AUDIO = "$(SFML_LINK_PREFIX) sfml-audio$(SFML_LINK_SUFFIX)";
				SFML_BINARY_TYPE = FRAMEWORKS;
				SFML_GRAPHICS = "$(SFML_LINK_PREFIX) sfml-graphics$(SFML_LINK_SUFFIX)";
				SFML_LINK_DYLIBS_PREFIX = "-l";
				SFML_LINK_DYLIBS_SUFFIX = "";
				SFML_LINK_FRAMEWORKS_PREFIX = "-framework";
				SFML_LINK_FRAMEWORKS_SUFFIX = "";
				SFML_LINK_PREFIX = "$(SFML_LINK_$(SFML_BINARY_TYPE)_PREFIX)";
				SFML_LINK_SUFFIX = "$(SFML_LINK_$(SFML_BINARY_TYPE)_SUFFIX)";
				SFML_NETWORK = "$(SFML_LINK_PREFIX) sfml-network$(SFML_LINK_SUFFIX)";
				SFML_SYSTEM = "$(SFML_LINK_PREFIX) sfml-system$(SFML_LINK_SUFFIX)";
				SFML_WINDOW = "$(SFML_LINK_PREFIX) sfml-window$(SFML_LINK_SUFFIX)";
				SUPPORTED_PLATFORMS = macosx;
			};
			name = Debug;
		};
		F1DB78441BB137C400C421C0 /* Release */ = {
			isa = XCBuildConfiguration;
			buildSettings = {
				ARCHS = (
					i386,
					x86_64,
				);
				CLANG_CXX_LANGUAGE_STANDARD = "c++0x";
				CLANG_CXX_LIBRARY = "libc++";
				FRAMEWORK_SEARCH_PATHS = (
					/Library/Frameworks/,
					"$(inherited)",
				);
				GCC_VERSION = com.apple.compilers.llvm.clang.1_0;
				HEADER_SEARCH_PATHS = (
					/usr/local/include/,
					"$(inherited)",
				);
				LIBRARY_SEARCH_PATHS = (
					/usr/local/lib/,
					"$(inherited)",
				);
				MACOSX_DEPLOYMENT_TARGET = 10.7;
				OTHER_LDFLAGS = (
					"$(inherited)",
					"$(SFML_SYSTEM)",
					"$(SFML_WINDOW)",
					"$(SFML_GRAPHICS)",
					"$(SFML_AUDIO)",
					"$(SFML_NETWORK)",
				);
				SFML_AUDIO = "$(SFML_LINK_PREFIX) sfml-audio$(SFML_LINK_SUFFIX)";
				SFML_BINARY_TYPE = FRAMEWORKS;
				SFML_GRAPHICS = "$(SFML_LINK_PREFIX) sfml-graphics$(SFML_LINK_SUFFIX)";
				SFML_LINK_DYLIBS_PREFIX = "-l";
				SFML_LINK_DYLIBS_SUFFIX = "";
				SFML_LINK_FRAMEWORKS_PREFIX = "-framework";
				SFML_LINK_FRAMEWORKS_SUFFIX = "";
				SFML_LINK_PREFIX = "$(SFML_LINK_$(SFML_BINARY_TYPE)_PREFIX)";
				SFML_LINK_SUFFIX = "$(SFML_LINK_$(SFML_BINARY_TYPE)_SUFFIX)";
				SFML_NETWORK = "$(SFML_LINK_PREFIX) sfml-network$(SFML_LINK_SUFFIX)";
				SFML_SYSTEM = "$(SFML_LINK_PREFIX) sfml-system$(SFML_LINK_SUFFIX)";
				SFML_WINDOW = "$(SFML_LINK_PREFIX) sfml-window$(SFML_LINK_SUFFIX)";
				SUPPORTED_PLATFORMS = macosx;
			};
			name = Release;
		};
		F1DB78461BB137C400C421C0 /* Debug */ = {
			isa = XCBuildConfiguration;
			buildSettings = {
				PRODUCT_NAME = "$(TARGET_NAME)";
			};
			name = Debug;
		};
		F1DB78471BB137C400C421C0 /* Release */ = {
			isa = XCBuildConfiguration;
			buildSettings = {
				PRODUCT_NAME = "$(TARGET_NAME)";
			};
			name = Release;
		};
/* End XCBuildConfiguration section */

/* Begin XCConfigurationList section */
		F1DB78351BB137C300C421C0 /* Build configuration list for PBXProject "PongSfml" */ = {
			isa = XCConfigurationList;
			buildConfigurations = (
				F1DB78431BB137C400C421C0 /* Debug */,
				F1DB78441BB137C400C421C0 /* Release */,
			);
			defaultConfigurationIsVisible = 0;
			defaultConfigurationName = Release;
		};
		F1DB78451BB137C400C421C0 /* Build configuration list for PBXNativeTarget "PongSfml" */ = {
			isa = XCConfigurationList;
			buildConfigurations = (
				F1DB78461BB137C400C421C0 /* Debug */,
				F1DB78471BB137C400C421C0 /* Release */,
			);
			defaultConfigurationIsVisible = 0;
		};
/* End XCConfigurationList section */
	};
	rootObject = F1DB78321BB137C300C421C0 /* Project object */;
}
